Microsoft Visual Studio Solution File, Format Version 11.00
# Visual Studio 2008

Project("{72DDF814-18EE-45EA-AC05-DB681BC8C6EE}") = "Learn2Dev (Client)", "Assembly-CSharp-firstpass.csproj", "{ED979025-9B46-B615-178C-327A467C1D9A}"
EndProject
Project("{72DDF814-18EE-45EA-AC05-DB681BC8C6EE}") = "Learn2Dev (Client)", "Assembly-CSharp.csproj", "{CC23D520-15B4-0B4A-294D-7B1C0AA54B03}"
EndProject
Project("{72DDF814-18EE-45EA-AC05-DB681BC8C6EE}") = "Learn2Dev (Client)", "Assembly-CSharp-Editor.csproj", "{18BB59F7-2697-9203-161A-88164911F32A}"
EndProject
Global
	GlobalSection(SolutionConfigurationPlatforms) = preSolution
		Debug|Any CPU = Debug|Any CPU
		Release|Any CPU = Release|Any CPU
	EndGlobalSection
	GlobalSection(ProjectConfigurationPlatforms) = postSolution
		{ED979025-9B46-B615-178C-327A467C1D9A}.Debug|Any CPU.ActiveCfg = Debug|Any CPU
		{ED979025-9B46-B615-178C-327A467C1D9A}.Debug|Any CPU.Build.0 = Debug|Any CPU
		{ED979025-9B46-B615-178C-327A467C1D9A}.Release|Any CPU.ActiveCfg = Release|Any CPU
		{ED979025-9B46-B615-178C-327A467C1D9A}.Release|Any CPU.Build.0 = Release|Any CPU
		{CC23D520-15B4-0B4A-294D-7B1C0AA54B03}.Debug|Any CPU.ActiveCfg = Debug|Any CPU
		{CC23D520-15B4-0B4A-294D-7B1C0AA54B03}.Debug|Any CPU.Build.0 = Debug|Any CPU
		{CC23D520-15B4-0B4A-294D-7B1C0AA54B03}.Release|Any CPU.ActiveCfg = Release|Any CPU
		{CC23D520-15B4-0B4A-294D-7B1C0AA54B03}.Release|Any CPU.Build.0 = Release|Any CPU
		{18BB59F7-2697-9203-161A-88164911F32A}.Debug|Any CPU.ActiveCfg = Debug|Any CPU
		{18BB59F7-2697-9203-161A-88164911F32A}.Debug|Any CPU.Build.0 = Debug|Any CPU
		{18BB59F7-2697-9203-161A-88164911F32A}.Release|Any CPU.ActiveCfg = Release|Any CPU
		{18BB59F7-2697-9203-161A-88164911F32A}.Release|Any CPU.Build.0 = Release|Any CPU
	EndGlobalSection
	GlobalSection(SolutionProperties) = preSolution
		HideSolutionNode = FALSE
	EndGlobalSection
																																													GlobalSection(MonoDevelopProperties) = preSolution
		StartupItem = Assembly-CSharp.csproj
		Policies = $0
		$0.TextStylePolicy = $1
		$1.inheritsSet = null
		$1.scope = text/x-csharp
		$0.CSharpFormattingPolicy = $2
		$2.inheritsSet = Mono
		$2.inheritsScope = text/x-csharp
		$2.scope = text/x-csharp
		$0.TextStylePolicy = $3
		$3.FileWidth = 120
		$3.TabWidth = 4
		$3.IndentWidth = 4
		$3.EolMarker = Unix
		$3.inheritsSet = Mono
		$3.inheritsScope = text/plain
		$3.scope = text/plain
	EndGlobalSection

EndGlobal
